// !$*UTF8*$!
{
	archiveVersion = 1;
	classes = {
	};
	objectVersion = 56;
	objects = {

/* Begin PBXBuildFile section */
		1106E6D92AD8CC100026600A /* AppAssembler.swift in Sources */ = {isa = PBXBuildFile; fileRef = 1106E6D82AD8CC100026600A /* AppAssembler.swift */; };
		1106E6DB2AD8CC790026600A /* CoordinatorAssembly.swift in Sources */ = {isa = PBXBuildFile; fileRef = 1106E6DA2AD8CC790026600A /* CoordinatorAssembly.swift */; };
		1106E6DD2AD8CC830026600A /* ServiceAssembly.swift in Sources */ = {isa = PBXBuildFile; fileRef = 1106E6DC2AD8CC830026600A /* ServiceAssembly.swift */; };
		1106E6E02AD8CD8C0026600A /* AuthServiceProtocol.swift in Sources */ = {isa = PBXBuildFile; fileRef = 1106E6DF2AD8CD8C0026600A /* AuthServiceProtocol.swift */; };
		110C430E2AD052FF00201CD5 /* SessionView.swift in Sources */ = {isa = PBXBuildFile; fileRef = 110C430D2AD052FF00201CD5 /* SessionView.swift */; };
		110C43122AD0997A00201CD5 /* SessionViewModel.swift in Sources */ = {isa = PBXBuildFile; fileRef = 110C43112AD0997A00201CD5 /* SessionViewModel.swift */; };
		110C43182AD20BC500201CD5 /* NIOWebSocket in Frameworks */ = {isa = PBXBuildFile; productRef = 110C43172AD20BC500201CD5 /* NIOWebSocket */; };
		1147A0CF2AD8D0B900D6C615 /* ViewModelAssembly.swift in Sources */ = {isa = PBXBuildFile; fileRef = 1147A0CE2AD8D0B900D6C615 /* ViewModelAssembly.swift */; };
		1147A0D12AD8D48E00D6C615 /* SessionServiceProtocol.swift in Sources */ = {isa = PBXBuildFile; fileRef = 1147A0D02AD8D48E00D6C615 /* SessionServiceProtocol.swift */; };
		1147A0D32AD8DC4500D6C615 /* StoreService.swift in Sources */ = {isa = PBXBuildFile; fileRef = 1147A0D22AD8DC4500D6C615 /* StoreService.swift */; };
		1147A0D52AD8DC6C00D6C615 /* StoreServiceProtocol.swift in Sources */ = {isa = PBXBuildFile; fileRef = 1147A0D42AD8DC6C00D6C615 /* StoreServiceProtocol.swift */; };
		1147A0DA2AD983E100D6C615 /* Swinject in Frameworks */ = {isa = PBXBuildFile; productRef = 1147A0D92AD983E100D6C615 /* Swinject */; };
		114AFDE42AC765B700AB9A8B /* Flow_WorkApp.swift in Sources */ = {isa = PBXBuildFile; fileRef = 114AFDE32AC765B700AB9A8B /* Flow_WorkApp.swift */; };
		114AFDE62AC765B700AB9A8B /* AppView.swift in Sources */ = {isa = PBXBuildFile; fileRef = 114AFDE52AC765B700AB9A8B /* AppView.swift */; };
		114AFDE82AC765B800AB9A8B /* Assets.xcassets in Resources */ = {isa = PBXBuildFile; fileRef = 114AFDE72AC765B800AB9A8B /* Assets.xcassets */; };
		114AFDEB2AC765B800AB9A8B /* Preview Assets.xcassets in Resources */ = {isa = PBXBuildFile; fileRef = 114AFDEA2AC765B800AB9A8B /* Preview Assets.xcassets */; };
		114AFDFB2AC76F4E00AB9A8B /* FirebaseAnalytics in Frameworks */ = {isa = PBXBuildFile; productRef = 114AFDFA2AC76F4E00AB9A8B /* FirebaseAnalytics */; };
		114AFDFD2AC76F4E00AB9A8B /* FirebaseAuth in Frameworks */ = {isa = PBXBuildFile; productRef = 114AFDFC2AC76F4E00AB9A8B /* FirebaseAuth */; };
		114AFDFF2AC76F4E00AB9A8B /* FirebaseFirestore in Frameworks */ = {isa = PBXBuildFile; productRef = 114AFDFE2AC76F4E00AB9A8B /* FirebaseFirestore */; };
		114AFE022AC7714100AB9A8B /* GoogleSignIn in Frameworks */ = {isa = PBXBuildFile; productRef = 114AFE012AC7714100AB9A8B /* GoogleSignIn */; };
		116D18F32ACF8A7700CB4F1D /* SessionService.swift in Sources */ = {isa = PBXBuildFile; fileRef = 116D18F22ACF8A7700CB4F1D /* SessionService.swift */; };
		116D18F92ACFB07400CB4F1D /* AuthService.swift in Sources */ = {isa = PBXBuildFile; fileRef = 116D18F82ACFB07400CB4F1D /* AuthService.swift */; };
		116D18FF2ACFD2D200CB4F1D /* Session.swift in Sources */ = {isa = PBXBuildFile; fileRef = 116D18FE2ACFD2D200CB4F1D /* Session.swift */; };
		116D19012ACFD34B00CB4F1D /* User.swift in Sources */ = {isa = PBXBuildFile; fileRef = 116D19002ACFD34B00CB4F1D /* User.swift */; };
		116D19072ACFD67B00CB4F1D /* LobbyView.swift in Sources */ = {isa = PBXBuildFile; fileRef = 116D19062ACFD67B00CB4F1D /* LobbyView.swift */; };
		116D19092ACFD75300CB4F1D /* LobbyViewModel.swift in Sources */ = {isa = PBXBuildFile; fileRef = 116D19082ACFD75300CB4F1D /* LobbyViewModel.swift */; };
		116D190B2ACFDA8F00CB4F1D /* AppError.swift in Sources */ = {isa = PBXBuildFile; fileRef = 116D190A2ACFDA8F00CB4F1D /* AppError.swift */; };
		116D19122ACFDD1D00CB4F1D /* AppCoordinator.swift in Sources */ = {isa = PBXBuildFile; fileRef = 116D19112ACFDD1D00CB4F1D /* AppCoordinator.swift */; };
		116D19172ACFDE4D00CB4F1D /* StandardFrameModifer.swift in Sources */ = {isa = PBXBuildFile; fileRef = 116D19162ACFDE4D00CB4F1D /* StandardFrameModifer.swift */; };
		116D19192ACFDEF800CB4F1D /* HomeView.swift in Sources */ = {isa = PBXBuildFile; fileRef = 116D19182ACFDEF800CB4F1D /* HomeView.swift */; };
		116D191D2ACFE4FA00CB4F1D /* HomeViewModel.swift in Sources */ = {isa = PBXBuildFile; fileRef = 116D191C2ACFE4FA00CB4F1D /* HomeViewModel.swift */; };
		11A92E872AE4154A007F5DF4 /* TodoItem.swift in Sources */ = {isa = PBXBuildFile; fileRef = 11A92E862AE4154A007F5DF4 /* TodoItem.swift */; };
		11A92E912AE4404B007F5DF4 /* Flow_Work_HelperApp.swift in Sources */ = {isa = PBXBuildFile; fileRef = 11A92E902AE4404B007F5DF4 /* Flow_Work_HelperApp.swift */; };
		11A92E982AE4404D007F5DF4 /* Preview Assets.xcassets in Resources */ = {isa = PBXBuildFile; fileRef = 11A92E972AE4404D007F5DF4 /* Preview Assets.xcassets */; };
		11A92EA02AE444D7007F5DF4 /* main.swift in Sources */ = {isa = PBXBuildFile; fileRef = 11A92E9F2AE444D7007F5DF4 /* main.swift */; };
		11A92EA22AE44532007F5DF4 /* Flow Work Helper.app in CopyFiles */ = {isa = PBXBuildFile; fileRef = 11A92E8E2AE4404B007F5DF4 /* Flow Work Helper.app */; settings = {ATTRIBUTES = (RemoveHeadersOnCopy, ); }; };
		11A92EA52AE44543007F5DF4 /* ServiceManagement.framework in Frameworks */ = {isa = PBXBuildFile; fileRef = 11A92EA42AE44543007F5DF4 /* ServiceManagement.framework */; };
		11A92EA72AE44635007F5DF4 /* SettingsView.swift in Sources */ = {isa = PBXBuildFile; fileRef = 11A92EA62AE44635007F5DF4 /* SettingsView.swift */; };
		11A92EA92AE44658007F5DF4 /* SettingsViewModel.swift in Sources */ = {isa = PBXBuildFile; fileRef = 11A92EA82AE44658007F5DF4 /* SettingsViewModel.swift */; };
		11A92EAC2AE44821007F5DF4 /* AuthState.swift in Sources */ = {isa = PBXBuildFile; fileRef = 11A92EAB2AE44821007F5DF4 /* AuthState.swift */; };
		11A92EAE2AE44A77007F5DF4 /* TodoState.swift in Sources */ = {isa = PBXBuildFile; fileRef = 11A92EAD2AE44A77007F5DF4 /* TodoState.swift */; };
		11A92EB02AE44A9C007F5DF4 /* SessionState.swift in Sources */ = {isa = PBXBuildFile; fileRef = 11A92EAF2AE44A9C007F5DF4 /* SessionState.swift */; };
		11A92EB22AE45AF8007F5DF4 /* Assets.xcassets in Resources */ = {isa = PBXBuildFile; fileRef = 11A92EB12AE45AF8007F5DF4 /* Assets.xcassets */; };
		11A92EBC2AE4C317007F5DF4 /* NetworkService.swift in Sources */ = {isa = PBXBuildFile; fileRef = 11A92EBB2AE4C317007F5DF4 /* NetworkService.swift */; };
		11A92EBE2AE4C36F007F5DF4 /* NetworkServiceProtocol.swift in Sources */ = {isa = PBXBuildFile; fileRef = 11A92EBD2AE4C36F007F5DF4 /* NetworkServiceProtocol.swift */; };
		11A92EC02AE4F7C5007F5DF4 /* AccountMenu.swift in Sources */ = {isa = PBXBuildFile; fileRef = 11A92EBF2AE4F7C5007F5DF4 /* AccountMenu.swift */; };
		11A92ECD2AE56D9B007F5DF4 /* GoogleService-Info.plist in Resources */ = {isa = PBXBuildFile; fileRef = 11A92ECC2AE56D9B007F5DF4 /* GoogleService-Info.plist */; };
		11A92ECF2AE56DC9007F5DF4 /* APIService.swift in Sources */ = {isa = PBXBuildFile; fileRef = 11A92ECE2AE56DC9007F5DF4 /* APIService.swift */; };
		11A92ED12AE56EBF007F5DF4 /* APIServiceProtocol.swift in Sources */ = {isa = PBXBuildFile; fileRef = 11A92ED02AE56EBF007F5DF4 /* APIServiceProtocol.swift */; };
		11A92ED32AE56F01007F5DF4 /* API.swift in Sources */ = {isa = PBXBuildFile; fileRef = 11A92ED22AE56F01007F5DF4 /* API.swift */; };
		11A92ED52AE5B724007F5DF4 /* ProfileView.swift in Sources */ = {isa = PBXBuildFile; fileRef = 11A92ED42AE5B724007F5DF4 /* ProfileView.swift */; };
		11A92ED72AE5B776007F5DF4 /* ProfileViewModel.swift in Sources */ = {isa = PBXBuildFile; fileRef = 11A92ED62AE5B776007F5DF4 /* ProfileViewModel.swift */; };
		11A92EDB2AE6FACB007F5DF4 /* PomodoroTimer.swift in Sources */ = {isa = PBXBuildFile; fileRef = 11A92EDA2AE6FACB007F5DF4 /* PomodoroTimer.swift */; };
		11A92EE02AE761A6007F5DF4 /* WorkModeButton.swift in Sources */ = {isa = PBXBuildFile; fileRef = 11A92EDF2AE761A6007F5DF4 /* WorkModeButton.swift */; };
		11A92EE42AE77FE9007F5DF4 /* EventMonitor.swift in Sources */ = {isa = PBXBuildFile; fileRef = 11A92EE32AE77FE9007F5DF4 /* EventMonitor.swift */; };
		11AD393B2AE79A2E00833426 /* Click.wav in Resources */ = {isa = PBXBuildFile; fileRef = 11AD393A2AE79A2E00833426 /* Click.wav */; };
		11AD393F2AE79AD700833426 /* Tick.wav in Resources */ = {isa = PBXBuildFile; fileRef = 11AD393E2AE79AD700833426 /* Tick.wav */; };
		11AD39432AE7A05400833426 /* Door.wav in Resources */ = {isa = PBXBuildFile; fileRef = 11AD39422AE7A05400833426 /* Door.wav */; };
		11AD39452AE7FCF400833426 /* Conga.wav in Resources */ = {isa = PBXBuildFile; fileRef = 11AD39442AE7FCF400833426 /* Conga.wav */; };
		11AD39482AE8656900833426 /* AudioService.swift in Sources */ = {isa = PBXBuildFile; fileRef = 11AD39472AE8656900833426 /* AudioService.swift */; };
		11AD394A2AE865C200833426 /* Audio.swift in Sources */ = {isa = PBXBuildFile; fileRef = 11AD39492AE865C200833426 /* Audio.swift */; };
		11AD394C2AE8683900833426 /* AudioServiceProtocol.swift in Sources */ = {isa = PBXBuildFile; fileRef = 11AD394B2AE8683900833426 /* AudioServiceProtocol.swift */; };
		11AD39502AE94F1E00833426 /* Ding.wav in Resources */ = {isa = PBXBuildFile; fileRef = 11AD394F2AE94F1E00833426 /* Ding.wav */; };
		11AD39522AE963E000833426 /* Ticking.wav in Resources */ = {isa = PBXBuildFile; fileRef = 11AD39512AE963E000833426 /* Ticking.wav */; };
		11AD39542AE9772600833426 /* FButton.swift in Sources */ = {isa = PBXBuildFile; fileRef = 11AD39532AE9772600833426 /* FButton.swift */; };
		11C839ED2AD7AC9300DE62D2 /* AvatarView.swift in Sources */ = {isa = PBXBuildFile; fileRef = 11C839EC2AD7AC9300DE62D2 /* AvatarView.swift */; };
		11E5AD2B2ADD84C7004670F0 /* FText.swift in Sources */ = {isa = PBXBuildFile; fileRef = 11E5AD2A2ADD84C7004670F0 /* FText.swift */; };
		11E5AD2D2ADECB9B004670F0 /* TodoService.swift in Sources */ = {isa = PBXBuildFile; fileRef = 11E5AD2C2ADECB9B004670F0 /* TodoService.swift */; };
		11E5AD2F2AE1E52D004670F0 /* TodoServiceProtocol.swift in Sources */ = {isa = PBXBuildFile; fileRef = 11E5AD2E2AE1E52D004670F0 /* TodoServiceProtocol.swift */; };
		11E5AD312AE1E70B004670F0 /* Todo.swift in Sources */ = {isa = PBXBuildFile; fileRef = 11E5AD302AE1E70B004670F0 /* Todo.swift */; };
		11E5AD332AE21F28004670F0 /* SessionItem.swift in Sources */ = {isa = PBXBuildFile; fileRef = 11E5AD322AE21F28004670F0 /* SessionItem.swift */; };
		11E5AD352AE2561A004670F0 /* RoomService.swift in Sources */ = {isa = PBXBuildFile; fileRef = 11E5AD342AE2561A004670F0 /* RoomService.swift */; };
		11E5AD372AE2563B004670F0 /* RoomServiceProtocol.swift in Sources */ = {isa = PBXBuildFile; fileRef = 11E5AD362AE2563B004670F0 /* RoomServiceProtocol.swift */; };
		11E5AD3A2AE2580C004670F0 /* WebRTC in Frameworks */ = {isa = PBXBuildFile; productRef = 11E5AD392AE2580C004670F0 /* WebRTC */; };
		11E5AD3C2AE268B2004670F0 /* RTC.swift in Sources */ = {isa = PBXBuildFile; fileRef = 11E5AD3B2AE268B2004670F0 /* RTC.swift */; };
/* End PBXBuildFile section */

/* Begin PBXCopyFilesBuildPhase section */
		11A92EA12AE4450B007F5DF4 /* CopyFiles */ = {
			isa = PBXCopyFilesBuildPhase;
			buildActionMask = 12;
			dstPath = Contents/Library/LoginItems;
			dstSubfolderSpec = 1;
			files = (
				11A92EA22AE44532007F5DF4 /* Flow Work Helper.app in CopyFiles */,
			);
			runOnlyForDeploymentPostprocessing = 0;
		};
/* End PBXCopyFilesBuildPhase section */

/* Begin PBXFileReference section */
		1106E6D82AD8CC100026600A /* AppAssembler.swift */ = {isa = PBXFileReference; lastKnownFileType = sourcecode.swift; path = AppAssembler.swift; sourceTree = "<group>"; };
		1106E6DA2AD8CC790026600A /* CoordinatorAssembly.swift */ = {isa = PBXFileReference; lastKnownFileType = sourcecode.swift; path = CoordinatorAssembly.swift; sourceTree = "<group>"; };
		1106E6DC2AD8CC830026600A /* ServiceAssembly.swift */ = {isa = PBXFileReference; lastKnownFileType = sourcecode.swift; path = ServiceAssembly.swift; sourceTree = "<group>"; };
		1106E6DF2AD8CD8C0026600A /* AuthServiceProtocol.swift */ = {isa = PBXFileReference; lastKnownFileType = sourcecode.swift; path = AuthServiceProtocol.swift; sourceTree = "<group>"; };
		110C430D2AD052FF00201CD5 /* SessionView.swift */ = {isa = PBXFileReference; lastKnownFileType = sourcecode.swift; path = SessionView.swift; sourceTree = "<group>"; };
		110C43112AD0997A00201CD5 /* SessionViewModel.swift */ = {isa = PBXFileReference; lastKnownFileType = sourcecode.swift; path = SessionViewModel.swift; sourceTree = "<group>"; };
		1147A0CE2AD8D0B900D6C615 /* ViewModelAssembly.swift */ = {isa = PBXFileReference; lastKnownFileType = sourcecode.swift; path = ViewModelAssembly.swift; sourceTree = "<group>"; };
		1147A0D02AD8D48E00D6C615 /* SessionServiceProtocol.swift */ = {isa = PBXFileReference; lastKnownFileType = sourcecode.swift; path = SessionServiceProtocol.swift; sourceTree = "<group>"; };
		1147A0D22AD8DC4500D6C615 /* StoreService.swift */ = {isa = PBXFileReference; lastKnownFileType = sourcecode.swift; path = StoreService.swift; sourceTree = "<group>"; };
		1147A0D42AD8DC6C00D6C615 /* StoreServiceProtocol.swift */ = {isa = PBXFileReference; lastKnownFileType = sourcecode.swift; path = StoreServiceProtocol.swift; sourceTree = "<group>"; };
		114AFDE02AC765B700AB9A8B /* Flow Work.app */ = {isa = PBXFileReference; explicitFileType = wrapper.application; includeInIndex = 0; path = "Flow Work.app"; sourceTree = BUILT_PRODUCTS_DIR; };
		114AFDE32AC765B700AB9A8B /* Flow_WorkApp.swift */ = {isa = PBXFileReference; lastKnownFileType = sourcecode.swift; path = Flow_WorkApp.swift; sourceTree = "<group>"; };
		114AFDE52AC765B700AB9A8B /* AppView.swift */ = {isa = PBXFileReference; lastKnownFileType = sourcecode.swift; path = AppView.swift; sourceTree = "<group>"; };
		114AFDE72AC765B800AB9A8B /* Assets.xcassets */ = {isa = PBXFileReference; lastKnownFileType = folder.assetcatalog; path = Assets.xcassets; sourceTree = "<group>"; };
		114AFDEA2AC765B800AB9A8B /* Preview Assets.xcassets */ = {isa = PBXFileReference; lastKnownFileType = folder.assetcatalog; path = "Preview Assets.xcassets"; sourceTree = "<group>"; };
		114AFDEC2AC765B800AB9A8B /* Flow_Work.entitlements */ = {isa = PBXFileReference; lastKnownFileType = text.plist.entitlements; path = Flow_Work.entitlements; sourceTree = "<group>"; };
		116D18F22ACF8A7700CB4F1D /* SessionService.swift */ = {isa = PBXFileReference; lastKnownFileType = sourcecode.swift; path = SessionService.swift; sourceTree = "<group>"; };
		116D18F82ACFB07400CB4F1D /* AuthService.swift */ = {isa = PBXFileReference; lastKnownFileType = sourcecode.swift; path = AuthService.swift; sourceTree = "<group>"; };
		116D18FE2ACFD2D200CB4F1D /* Session.swift */ = {isa = PBXFileReference; lastKnownFileType = sourcecode.swift; path = Session.swift; sourceTree = "<group>"; };
		116D19002ACFD34B00CB4F1D /* User.swift */ = {isa = PBXFileReference; lastKnownFileType = sourcecode.swift; path = User.swift; sourceTree = "<group>"; };
		116D19062ACFD67B00CB4F1D /* LobbyView.swift */ = {isa = PBXFileReference; lastKnownFileType = sourcecode.swift; path = LobbyView.swift; sourceTree = "<group>"; };
		116D19082ACFD75300CB4F1D /* LobbyViewModel.swift */ = {isa = PBXFileReference; lastKnownFileType = sourcecode.swift; path = LobbyViewModel.swift; sourceTree = "<group>"; };
		116D190A2ACFDA8F00CB4F1D /* AppError.swift */ = {isa = PBXFileReference; lastKnownFileType = sourcecode.swift; path = AppError.swift; sourceTree = "<group>"; };
		116D19112ACFDD1D00CB4F1D /* AppCoordinator.swift */ = {isa = PBXFileReference; lastKnownFileType = sourcecode.swift; path = AppCoordinator.swift; sourceTree = "<group>"; };
		116D19162ACFDE4D00CB4F1D /* StandardFrameModifer.swift */ = {isa = PBXFileReference; lastKnownFileType = sourcecode.swift; path = StandardFrameModifer.swift; sourceTree = "<group>"; };
		116D19182ACFDEF800CB4F1D /* HomeView.swift */ = {isa = PBXFileReference; lastKnownFileType = sourcecode.swift; path = HomeView.swift; sourceTree = "<group>"; };
		116D191C2ACFE4FA00CB4F1D /* HomeViewModel.swift */ = {isa = PBXFileReference; lastKnownFileType = sourcecode.swift; path = HomeViewModel.swift; sourceTree = "<group>"; };
		11A92E862AE4154A007F5DF4 /* TodoItem.swift */ = {isa = PBXFileReference; lastKnownFileType = sourcecode.swift; path = TodoItem.swift; sourceTree = "<group>"; };
		11A92E8E2AE4404B007F5DF4 /* Flow Work Helper.app */ = {isa = PBXFileReference; explicitFileType = wrapper.application; includeInIndex = 0; path = "Flow Work Helper.app"; sourceTree = BUILT_PRODUCTS_DIR; };
		11A92E902AE4404B007F5DF4 /* Flow_Work_HelperApp.swift */ = {isa = PBXFileReference; lastKnownFileType = sourcecode.swift; path = Flow_Work_HelperApp.swift; sourceTree = "<group>"; };
		11A92E972AE4404D007F5DF4 /* Preview Assets.xcassets */ = {isa = PBXFileReference; lastKnownFileType = folder.assetcatalog; path = "Preview Assets.xcassets"; sourceTree = "<group>"; };
		11A92E992AE4404D007F5DF4 /* Flow_Work_Helper.entitlements */ = {isa = PBXFileReference; lastKnownFileType = text.plist.entitlements; path = Flow_Work_Helper.entitlements; sourceTree = "<group>"; };
		11A92E9F2AE444D7007F5DF4 /* main.swift */ = {isa = PBXFileReference; lastKnownFileType = sourcecode.swift; path = main.swift; sourceTree = "<group>"; };
		11A92EA42AE44543007F5DF4 /* ServiceManagement.framework */ = {isa = PBXFileReference; lastKnownFileType = wrapper.framework; name = ServiceManagement.framework; path = System/Library/Frameworks/ServiceManagement.framework; sourceTree = SDKROOT; };
		11A92EA62AE44635007F5DF4 /* SettingsView.swift */ = {isa = PBXFileReference; lastKnownFileType = sourcecode.swift; path = SettingsView.swift; sourceTree = "<group>"; };
		11A92EA82AE44658007F5DF4 /* SettingsViewModel.swift */ = {isa = PBXFileReference; lastKnownFileType = sourcecode.swift; path = SettingsViewModel.swift; sourceTree = "<group>"; };
		11A92EAB2AE44821007F5DF4 /* AuthState.swift */ = {isa = PBXFileReference; lastKnownFileType = sourcecode.swift; path = AuthState.swift; sourceTree = "<group>"; };
		11A92EAD2AE44A77007F5DF4 /* TodoState.swift */ = {isa = PBXFileReference; lastKnownFileType = sourcecode.swift; path = TodoState.swift; sourceTree = "<group>"; };
		11A92EAF2AE44A9C007F5DF4 /* SessionState.swift */ = {isa = PBXFileReference; lastKnownFileType = sourcecode.swift; path = SessionState.swift; sourceTree = "<group>"; };
		11A92EB12AE45AF8007F5DF4 /* Assets.xcassets */ = {isa = PBXFileReference; lastKnownFileType = folder.assetcatalog; path = Assets.xcassets; sourceTree = "<group>"; };
		11A92EBB2AE4C317007F5DF4 /* NetworkService.swift */ = {isa = PBXFileReference; lastKnownFileType = sourcecode.swift; path = NetworkService.swift; sourceTree = "<group>"; };
		11A92EBD2AE4C36F007F5DF4 /* NetworkServiceProtocol.swift */ = {isa = PBXFileReference; lastKnownFileType = sourcecode.swift; path = NetworkServiceProtocol.swift; sourceTree = "<group>"; };
		11A92EBF2AE4F7C5007F5DF4 /* AccountMenu.swift */ = {isa = PBXFileReference; lastKnownFileType = sourcecode.swift; path = AccountMenu.swift; sourceTree = "<group>"; };
		11A92EC82AE55ED8007F5DF4 /* Flow-Work-Info.plist */ = {isa = PBXFileReference; lastKnownFileType = text.plist; path = "Flow-Work-Info.plist"; sourceTree = SOURCE_ROOT; };
		11A92ECA2AE55F23007F5DF4 /* Flow-Work-Helper-Info.plist */ = {isa = PBXFileReference; lastKnownFileType = text.plist; path = "Flow-Work-Helper-Info.plist"; sourceTree = SOURCE_ROOT; };
		11A92ECC2AE56D9B007F5DF4 /* GoogleService-Info.plist */ = {isa = PBXFileReference; fileEncoding = 4; lastKnownFileType = text.plist.xml; path = "GoogleService-Info.plist"; sourceTree = "<group>"; };
		11A92ECE2AE56DC9007F5DF4 /* APIService.swift */ = {isa = PBXFileReference; lastKnownFileType = sourcecode.swift; path = APIService.swift; sourceTree = "<group>"; };
		11A92ED02AE56EBF007F5DF4 /* APIServiceProtocol.swift */ = {isa = PBXFileReference; lastKnownFileType = sourcecode.swift; path = APIServiceProtocol.swift; sourceTree = "<group>"; };
		11A92ED22AE56F01007F5DF4 /* API.swift */ = {isa = PBXFileReference; lastKnownFileType = sourcecode.swift; path = API.swift; sourceTree = "<group>"; };
		11A92ED42AE5B724007F5DF4 /* ProfileView.swift */ = {isa = PBXFileReference; lastKnownFileType = sourcecode.swift; path = ProfileView.swift; sourceTree = "<group>"; };
		11A92ED62AE5B776007F5DF4 /* ProfileViewModel.swift */ = {isa = PBXFileReference; lastKnownFileType = sourcecode.swift; path = ProfileViewModel.swift; sourceTree = "<group>"; };
		11A92EDA2AE6FACB007F5DF4 /* PomodoroTimer.swift */ = {isa = PBXFileReference; lastKnownFileType = sourcecode.swift; path = PomodoroTimer.swift; sourceTree = "<group>"; };
		11A92EDF2AE761A6007F5DF4 /* WorkModeButton.swift */ = {isa = PBXFileReference; lastKnownFileType = sourcecode.swift; path = WorkModeButton.swift; sourceTree = "<group>"; };
		11A92EE32AE77FE9007F5DF4 /* EventMonitor.swift */ = {isa = PBXFileReference; lastKnownFileType = sourcecode.swift; path = EventMonitor.swift; sourceTree = "<group>"; };
		11AD393A2AE79A2E00833426 /* Click.wav */ = {isa = PBXFileReference; lastKnownFileType = audio.wav; path = Click.wav; sourceTree = "<group>"; };
		11AD393E2AE79AD700833426 /* Tick.wav */ = {isa = PBXFileReference; lastKnownFileType = audio.wav; path = Tick.wav; sourceTree = "<group>"; };
		11AD39422AE7A05400833426 /* Door.wav */ = {isa = PBXFileReference; lastKnownFileType = audio.wav; path = Door.wav; sourceTree = "<group>"; };
		11AD39442AE7FCF400833426 /* Conga.wav */ = {isa = PBXFileReference; lastKnownFileType = audio.wav; path = Conga.wav; sourceTree = "<group>"; };
		11AD39472AE8656900833426 /* AudioService.swift */ = {isa = PBXFileReference; lastKnownFileType = sourcecode.swift; path = AudioService.swift; sourceTree = "<group>"; };
		11AD39492AE865C200833426 /* Audio.swift */ = {isa = PBXFileReference; lastKnownFileType = sourcecode.swift; path = Audio.swift; sourceTree = "<group>"; };
		11AD394B2AE8683900833426 /* AudioServiceProtocol.swift */ = {isa = PBXFileReference; lastKnownFileType = sourcecode.swift; path = AudioServiceProtocol.swift; sourceTree = "<group>"; };
		11AD394F2AE94F1E00833426 /* Ding.wav */ = {isa = PBXFileReference; lastKnownFileType = audio.wav; path = Ding.wav; sourceTree = "<group>"; };
		11AD39512AE963E000833426 /* Ticking.wav */ = {isa = PBXFileReference; lastKnownFileType = audio.wav; path = Ticking.wav; sourceTree = "<group>"; };
		11AD39532AE9772600833426 /* FButton.swift */ = {isa = PBXFileReference; lastKnownFileType = sourcecode.swift; path = FButton.swift; sourceTree = "<group>"; };
		11C839EC2AD7AC9300DE62D2 /* AvatarView.swift */ = {isa = PBXFileReference; lastKnownFileType = sourcecode.swift; path = AvatarView.swift; sourceTree = "<group>"; };
		11E5AD2A2ADD84C7004670F0 /* FText.swift */ = {isa = PBXFileReference; lastKnownFileType = sourcecode.swift; path = FText.swift; sourceTree = "<group>"; };
		11E5AD2C2ADECB9B004670F0 /* TodoService.swift */ = {isa = PBXFileReference; lastKnownFileType = sourcecode.swift; path = TodoService.swift; sourceTree = "<group>"; };
		11E5AD2E2AE1E52D004670F0 /* TodoServiceProtocol.swift */ = {isa = PBXFileReference; lastKnownFileType = sourcecode.swift; path = TodoServiceProtocol.swift; sourceTree = "<group>"; };
		11E5AD302AE1E70B004670F0 /* Todo.swift */ = {isa = PBXFileReference; lastKnownFileType = sourcecode.swift; path = Todo.swift; sourceTree = "<group>"; };
		11E5AD322AE21F28004670F0 /* SessionItem.swift */ = {isa = PBXFileReference; lastKnownFileType = sourcecode.swift; path = SessionItem.swift; sourceTree = "<group>"; };
		11E5AD342AE2561A004670F0 /* RoomService.swift */ = {isa = PBXFileReference; lastKnownFileType = sourcecode.swift; path = RoomService.swift; sourceTree = "<group>"; };
		11E5AD362AE2563B004670F0 /* RoomServiceProtocol.swift */ = {isa = PBXFileReference; lastKnownFileType = sourcecode.swift; path = RoomServiceProtocol.swift; sourceTree = "<group>"; };
		11E5AD3B2AE268B2004670F0 /* RTC.swift */ = {isa = PBXFileReference; lastKnownFileType = sourcecode.swift; path = RTC.swift; sourceTree = "<group>"; };
/* End PBXFileReference section */

/* Begin PBXFrameworksBuildPhase section */
		114AFDDD2AC765B700AB9A8B /* Frameworks */ = {
			isa = PBXFrameworksBuildPhase;
			buildActionMask = 2147483647;
			files = (
				114AFDFB2AC76F4E00AB9A8B /* FirebaseAnalytics in Frameworks */,
				114AFE022AC7714100AB9A8B /* GoogleSignIn in Frameworks */,
				114AFDFD2AC76F4E00AB9A8B /* FirebaseAuth in Frameworks */,
				11E5AD3A2AE2580C004670F0 /* WebRTC in Frameworks */,
				1147A0DA2AD983E100D6C615 /* Swinject in Frameworks */,
				11A92EA52AE44543007F5DF4 /* ServiceManagement.framework in Frameworks */,
				114AFDFF2AC76F4E00AB9A8B /* FirebaseFirestore in Frameworks */,
				110C43182AD20BC500201CD5 /* NIOWebSocket in Frameworks */,
			);
			runOnlyForDeploymentPostprocessing = 0;
		};
		11A92E8B2AE4404B007F5DF4 /* Frameworks */ = {
			isa = PBXFrameworksBuildPhase;
			buildActionMask = 2147483647;
			files = (
			);
			runOnlyForDeploymentPostprocessing = 0;
		};
/* End PBXFrameworksBuildPhase section */

/* Begin PBXGroup section */
		1106E6D72AD8CC070026600A /* Architecture */ = {
			isa = PBXGroup;
			children = (
				1106E6D82AD8CC100026600A /* AppAssembler.swift */,
				1106E6DA2AD8CC790026600A /* CoordinatorAssembly.swift */,
				1106E6DC2AD8CC830026600A /* ServiceAssembly.swift */,
				1147A0CE2AD8D0B900D6C615 /* ViewModelAssembly.swift */,
			);
			path = Architecture;
			sourceTree = "<group>";
		};
		1106E6DE2AD8CD830026600A /* Protocols */ = {
			isa = PBXGroup;
			children = (
				1106E6DF2AD8CD8C0026600A /* AuthServiceProtocol.swift */,
				1147A0D02AD8D48E00D6C615 /* SessionServiceProtocol.swift */,
				11E5AD362AE2563B004670F0 /* RoomServiceProtocol.swift */,
				1147A0D42AD8DC6C00D6C615 /* StoreServiceProtocol.swift */,
				11E5AD2E2AE1E52D004670F0 /* TodoServiceProtocol.swift */,
				11A92EBD2AE4C36F007F5DF4 /* NetworkServiceProtocol.swift */,
				11A92ED02AE56EBF007F5DF4 /* APIServiceProtocol.swift */,
				11AD394B2AE8683900833426 /* AudioServiceProtocol.swift */,
			);
			path = Protocols;
			sourceTree = "<group>";
		};
		114AFDD72AC765B700AB9A8B = {
			isa = PBXGroup;
			children = (
				114AFDE22AC765B700AB9A8B /* Flow Work */,
				11A92E8F2AE4404B007F5DF4 /* Flow Work Helper */,
				114AFDE12AC765B700AB9A8B /* Products */,
				11A92EA32AE44543007F5DF4 /* Frameworks */,
			);
			sourceTree = "<group>";
		};
		114AFDE12AC765B700AB9A8B /* Products */ = {
			isa = PBXGroup;
			children = (
				114AFDE02AC765B700AB9A8B /* Flow Work.app */,
				11A92E8E2AE4404B007F5DF4 /* Flow Work Helper.app */,
			);
			name = Products;
			sourceTree = "<group>";
		};
		114AFDE22AC765B700AB9A8B /* Flow Work */ = {
			isa = PBXGroup;
			children = (
				11AD39462AE8107B00833426 /* Resources */,
				11A92ECC2AE56D9B007F5DF4 /* GoogleService-Info.plist */,
				11A92EC82AE55ED8007F5DF4 /* Flow-Work-Info.plist */,
				11A92EAA2AE4481A007F5DF4 /* States */,
				1106E6DE2AD8CD830026600A /* Protocols */,
				1106E6D72AD8CC070026600A /* Architecture */,
				11C839EB2AD7AC8800DE62D2 /* Components */,
				116D19152ACFDDE600CB4F1D /* Modifiers */,
				116D18FD2ACFD2AF00CB4F1D /* Coordinators */,
				116D18FC2ACFD2A200CB4F1D /* ViewModels */,
				116D18FB2ACFD29900CB4F1D /* Views */,
				116D18FA2ACFD29400CB4F1D /* Models */,
				116D18F52ACF9D8300CB4F1D /* Services */,
				114AFDE32AC765B700AB9A8B /* Flow_WorkApp.swift */,
				114AFDE72AC765B800AB9A8B /* Assets.xcassets */,
				114AFDEC2AC765B800AB9A8B /* Flow_Work.entitlements */,
				114AFDE92AC765B800AB9A8B /* Preview Content */,
			);
			path = "Flow Work";
			sourceTree = "<group>";
		};
		114AFDE92AC765B800AB9A8B /* Preview Content */ = {
			isa = PBXGroup;
			children = (
				114AFDEA2AC765B800AB9A8B /* Preview Assets.xcassets */,
			);
			path = "Preview Content";
			sourceTree = "<group>";
		};
		116D18F52ACF9D8300CB4F1D /* Services */ = {
			isa = PBXGroup;
			children = (
				116D18F22ACF8A7700CB4F1D /* SessionService.swift */,
				11E5AD2C2ADECB9B004670F0 /* TodoService.swift */,
				11AD39472AE8656900833426 /* AudioService.swift */,
				116D18F82ACFB07400CB4F1D /* AuthService.swift */,
				1147A0D22AD8DC4500D6C615 /* StoreService.swift */,
				11A92EBB2AE4C317007F5DF4 /* NetworkService.swift */,
				11E5AD342AE2561A004670F0 /* RoomService.swift */,
				11A92ECE2AE56DC9007F5DF4 /* APIService.swift */,
			);
			path = Services;
			sourceTree = "<group>";
		};
		116D18FA2ACFD29400CB4F1D /* Models */ = {
			isa = PBXGroup;
			children = (
				116D18FE2ACFD2D200CB4F1D /* Session.swift */,
				116D19002ACFD34B00CB4F1D /* User.swift */,
				116D190A2ACFDA8F00CB4F1D /* AppError.swift */,
				11E5AD3B2AE268B2004670F0 /* RTC.swift */,
				11AD39492AE865C200833426 /* Audio.swift */,
				11E5AD302AE1E70B004670F0 /* Todo.swift */,
				11A92ED22AE56F01007F5DF4 /* API.swift */,
			);
			path = Models;
			sourceTree = "<group>";
		};
		116D18FB2ACFD29900CB4F1D /* Views */ = {
			isa = PBXGroup;
			children = (
				114AFDE52AC765B700AB9A8B /* AppView.swift */,
				116D19062ACFD67B00CB4F1D /* LobbyView.swift */,
				116D19182ACFDEF800CB4F1D /* HomeView.swift */,
				110C430D2AD052FF00201CD5 /* SessionView.swift */,
				11A92ED42AE5B724007F5DF4 /* ProfileView.swift */,
				11A92EA62AE44635007F5DF4 /* SettingsView.swift */,
			);
			path = Views;
			sourceTree = "<group>";
		};
		116D18FC2ACFD2A200CB4F1D /* ViewModels */ = {
			isa = PBXGroup;
			children = (
				116D19082ACFD75300CB4F1D /* LobbyViewModel.swift */,
				116D191C2ACFE4FA00CB4F1D /* HomeViewModel.swift */,
				110C43112AD0997A00201CD5 /* SessionViewModel.swift */,
				11A92ED62AE5B776007F5DF4 /* ProfileViewModel.swift */,
				11A92EA82AE44658007F5DF4 /* SettingsViewModel.swift */,
			);
			path = ViewModels;
			sourceTree = "<group>";
		};
		116D18FD2ACFD2AF00CB4F1D /* Coordinators */ = {
			isa = PBXGroup;
			children = (
				116D19112ACFDD1D00CB4F1D /* AppCoordinator.swift */,
			);
			path = Coordinators;
			sourceTree = "<group>";
		};
		116D19152ACFDDE600CB4F1D /* Modifiers */ = {
			isa = PBXGroup;
			children = (
				116D19162ACFDE4D00CB4F1D /* StandardFrameModifer.swift */,
			);
			path = Modifiers;
			sourceTree = "<group>";
		};
		11A92E8F2AE4404B007F5DF4 /* Flow Work Helper */ = {
			isa = PBXGroup;
			children = (
				11A92ECA2AE55F23007F5DF4 /* Flow-Work-Helper-Info.plist */,
				11A92E902AE4404B007F5DF4 /* Flow_Work_HelperApp.swift */,
				11A92E9F2AE444D7007F5DF4 /* main.swift */,
				11A92E992AE4404D007F5DF4 /* Flow_Work_Helper.entitlements */,
				11A92E962AE4404D007F5DF4 /* Preview Content */,
				11A92EB12AE45AF8007F5DF4 /* Assets.xcassets */,
			);
			path = "Flow Work Helper";
			sourceTree = "<group>";
		};
		11A92E962AE4404D007F5DF4 /* Preview Content */ = {
			isa = PBXGroup;
			children = (
				11A92E972AE4404D007F5DF4 /* Preview Assets.xcassets */,
			);
			path = "Preview Content";
			sourceTree = "<group>";
		};
		11A92EA32AE44543007F5DF4 /* Frameworks */ = {
			isa = PBXGroup;
			children = (
				11A92EA42AE44543007F5DF4 /* ServiceManagement.framework */,
			);
			name = Frameworks;
			sourceTree = "<group>";
		};
		11A92EAA2AE4481A007F5DF4 /* States */ = {
			isa = PBXGroup;
			children = (
				11A92EAB2AE44821007F5DF4 /* AuthState.swift */,
				11A92EAD2AE44A77007F5DF4 /* TodoState.swift */,
				11A92EAF2AE44A9C007F5DF4 /* SessionState.swift */,
			);
			path = States;
			sourceTree = "<group>";
		};
		11AD39462AE8107B00833426 /* Resources */ = {
			isa = PBXGroup;
			children = (
				11AD39512AE963E000833426 /* Ticking.wav */,
				11AD394F2AE94F1E00833426 /* Ding.wav */,
				11AD393E2AE79AD700833426 /* Tick.wav */,
				11AD39442AE7FCF400833426 /* Conga.wav */,
				11AD39422AE7A05400833426 /* Door.wav */,
				11AD393A2AE79A2E00833426 /* Click.wav */,
			);
			path = Resources;
			sourceTree = "<group>";
		};
		11C839EB2AD7AC8800DE62D2 /* Components */ = {
			isa = PBXGroup;
			children = (
				11C839EC2AD7AC9300DE62D2 /* AvatarView.swift */,
				11E5AD2A2ADD84C7004670F0 /* FText.swift */,
				11E5AD322AE21F28004670F0 /* SessionItem.swift */,
				11A92EE32AE77FE9007F5DF4 /* EventMonitor.swift */,
				11A92E862AE4154A007F5DF4 /* TodoItem.swift */,
				11A92EBF2AE4F7C5007F5DF4 /* AccountMenu.swift */,
				11A92EDA2AE6FACB007F5DF4 /* PomodoroTimer.swift */,
				11A92EDF2AE761A6007F5DF4 /* WorkModeButton.swift */,
				11AD39532AE9772600833426 /* FButton.swift */,
			);
			path = Components;
			sourceTree = "<group>";
		};
/* End PBXGroup section */

/* Begin PBXNativeTarget section */
		114AFDDF2AC765B700AB9A8B /* Flow Work */ = {
			isa = PBXNativeTarget;
			buildConfigurationList = 114AFDEF2AC765B800AB9A8B /* Build configuration list for PBXNativeTarget "Flow Work" */;
			buildPhases = (
				114AFDDC2AC765B700AB9A8B /* Sources */,
				114AFDDD2AC765B700AB9A8B /* Frameworks */,
				114AFDDE2AC765B700AB9A8B /* Resources */,
				11A92EA12AE4450B007F5DF4 /* CopyFiles */,
			);
			buildRules = (
			);
			dependencies = (
			);
			name = "Flow Work";
			packageProductDependencies = (
				114AFDFA2AC76F4E00AB9A8B /* FirebaseAnalytics */,
				114AFDFC2AC76F4E00AB9A8B /* FirebaseAuth */,
				114AFDFE2AC76F4E00AB9A8B /* FirebaseFirestore */,
				114AFE012AC7714100AB9A8B /* GoogleSignIn */,
				110C43172AD20BC500201CD5 /* NIOWebSocket */,
				1147A0D92AD983E100D6C615 /* Swinject */,
				11E5AD392AE2580C004670F0 /* WebRTC */,
			);
			productName = "Flow Work";
			productReference = 114AFDE02AC765B700AB9A8B /* Flow Work.app */;
			productType = "com.apple.product-type.application";
		};
		11A92E8D2AE4404B007F5DF4 /* Flow Work Helper */ = {
			isa = PBXNativeTarget;
			buildConfigurationList = 11A92E9A2AE4404D007F5DF4 /* Build configuration list for PBXNativeTarget "Flow Work Helper" */;
			buildPhases = (
				11A92E8A2AE4404B007F5DF4 /* Sources */,
				11A92E8B2AE4404B007F5DF4 /* Frameworks */,
				11A92E8C2AE4404B007F5DF4 /* Resources */,
			);
			buildRules = (
			);
			dependencies = (
			);
			name = "Flow Work Helper";
			productName = "Flow Work Helper";
			productReference = 11A92E8E2AE4404B007F5DF4 /* Flow Work Helper.app */;
			productType = "com.apple.product-type.application";
		};
/* End PBXNativeTarget section */

/* Begin PBXProject section */
		114AFDD82AC765B700AB9A8B /* Project object */ = {
			isa = PBXProject;
			attributes = {
				BuildIndependentTargetsInParallel = 1;
				LastSwiftUpdateCheck = 1430;
				LastUpgradeCheck = 1430;
				TargetAttributes = {
					114AFDDF2AC765B700AB9A8B = {
						CreatedOnToolsVersion = 14.3.1;
					};
					11A92E8D2AE4404B007F5DF4 = {
						CreatedOnToolsVersion = 14.3.1;
					};
				};
			};
			buildConfigurationList = 114AFDDB2AC765B700AB9A8B /* Build configuration list for PBXProject "Flow Work" */;
			compatibilityVersion = "Xcode 14.0";
			developmentRegion = en;
			hasScannedForEncodings = 0;
			knownRegions = (
				en,
				Base,
			);
			mainGroup = 114AFDD72AC765B700AB9A8B;
			packageReferences = (
				114AFDF92AC76F4E00AB9A8B /* XCRemoteSwiftPackageReference "firebase-ios-sdk" */,
				114AFE002AC7714100AB9A8B /* XCRemoteSwiftPackageReference "GoogleSignIn-iOS" */,
				110C43162AD20BC500201CD5 /* XCRemoteSwiftPackageReference "swift-nio" */,
				1147A0D82AD983E100D6C615 /* XCRemoteSwiftPackageReference "Swinject" */,
				11E5AD382AE2580C004670F0 /* XCRemoteSwiftPackageReference "WebRTC" */,
			);
			productRefGroup = 114AFDE12AC765B700AB9A8B /* Products */;
			projectDirPath = "";
			projectRoot = "";
			targets = (
				114AFDDF2AC765B700AB9A8B /* Flow Work */,
				11A92E8D2AE4404B007F5DF4 /* Flow Work Helper */,
			);
		};
/* End PBXProject section */

/* Begin PBXResourcesBuildPhase section */
		114AFDDE2AC765B700AB9A8B /* Resources */ = {
			isa = PBXResourcesBuildPhase;
			buildActionMask = 2147483647;
			files = (
				114AFDEB2AC765B800AB9A8B /* Preview Assets.xcassets in Resources */,
				11AD393F2AE79AD700833426 /* Tick.wav in Resources */,
				11AD39522AE963E000833426 /* Ticking.wav in Resources */,
				114AFDE82AC765B800AB9A8B /* Assets.xcassets in Resources */,
				11AD39502AE94F1E00833426 /* Ding.wav in Resources */,
				11A92ECD2AE56D9B007F5DF4 /* GoogleService-Info.plist in Resources */,
				11AD39432AE7A05400833426 /* Door.wav in Resources */,
				11AD39452AE7FCF400833426 /* Conga.wav in Resources */,
				11AD393B2AE79A2E00833426 /* Click.wav in Resources */,
			);
			runOnlyForDeploymentPostprocessing = 0;
		};
		11A92E8C2AE4404B007F5DF4 /* Resources */ = {
			isa = PBXResourcesBuildPhase;
			buildActionMask = 2147483647;
			files = (
				11A92EB22AE45AF8007F5DF4 /* Assets.xcassets in Resources */,
				11A92E982AE4404D007F5DF4 /* Preview Assets.xcassets in Resources */,
			);
			runOnlyForDeploymentPostprocessing = 0;
		};
/* End PBXResourcesBuildPhase section */

/* Begin PBXSourcesBuildPhase section */
		114AFDDC2AC765B700AB9A8B /* Sources */ = {
			isa = PBXSourcesBuildPhase;
			buildActionMask = 2147483647;
			files = (
				11A92E872AE4154A007F5DF4 /* TodoItem.swift in Sources */,
				1147A0D12AD8D48E00D6C615 /* SessionServiceProtocol.swift in Sources */,
				11E5AD332AE21F28004670F0 /* SessionItem.swift in Sources */,
				11A92EAC2AE44821007F5DF4 /* AuthState.swift in Sources */,
				11E5AD352AE2561A004670F0 /* RoomService.swift in Sources */,
				1147A0D32AD8DC4500D6C615 /* StoreService.swift in Sources */,
				11E5AD372AE2563B004670F0 /* RoomServiceProtocol.swift in Sources */,
				11E5AD2F2AE1E52D004670F0 /* TodoServiceProtocol.swift in Sources */,
				116D191D2ACFE4FA00CB4F1D /* HomeViewModel.swift in Sources */,
				11AD394A2AE865C200833426 /* Audio.swift in Sources */,
				1106E6DD2AD8CC830026600A /* ServiceAssembly.swift in Sources */,
				1147A0CF2AD8D0B900D6C615 /* ViewModelAssembly.swift in Sources */,
				11A92EE42AE77FE9007F5DF4 /* EventMonitor.swift in Sources */,
				11E5AD2D2ADECB9B004670F0 /* TodoService.swift in Sources */,
				110C43122AD0997A00201CD5 /* SessionViewModel.swift in Sources */,
				1106E6DB2AD8CC790026600A /* CoordinatorAssembly.swift in Sources */,
				11A92EA92AE44658007F5DF4 /* SettingsViewModel.swift in Sources */,
				11A92ECF2AE56DC9007F5DF4 /* APIService.swift in Sources */,
				11AD39542AE9772600833426 /* FButton.swift in Sources */,
				116D19072ACFD67B00CB4F1D /* LobbyView.swift in Sources */,
				116D19092ACFD75300CB4F1D /* LobbyViewModel.swift in Sources */,
				11A92EDB2AE6FACB007F5DF4 /* PomodoroTimer.swift in Sources */,
				11AD39482AE8656900833426 /* AudioService.swift in Sources */,
				116D18FF2ACFD2D200CB4F1D /* Session.swift in Sources */,
				11E5AD312AE1E70B004670F0 /* Todo.swift in Sources */,
				114AFDE62AC765B700AB9A8B /* AppView.swift in Sources */,
				116D19192ACFDEF800CB4F1D /* HomeView.swift in Sources */,
				11A92EA72AE44635007F5DF4 /* SettingsView.swift in Sources */,
				1106E6E02AD8CD8C0026600A /* AuthServiceProtocol.swift in Sources */,
				11E5AD2B2ADD84C7004670F0 /* FText.swift in Sources */,
				11A92EB02AE44A9C007F5DF4 /* SessionState.swift in Sources */,
				11AD394C2AE8683900833426 /* AudioServiceProtocol.swift in Sources */,
				11E5AD3C2AE268B2004670F0 /* RTC.swift in Sources */,
				116D19012ACFD34B00CB4F1D /* User.swift in Sources */,
				1147A0D52AD8DC6C00D6C615 /* StoreServiceProtocol.swift in Sources */,
				11A92ED12AE56EBF007F5DF4 /* APIServiceProtocol.swift in Sources */,
				11A92EAE2AE44A77007F5DF4 /* TodoState.swift in Sources */,
				11A92ED32AE56F01007F5DF4 /* API.swift in Sources */,
				116D19122ACFDD1D00CB4F1D /* AppCoordinator.swift in Sources */,
				116D18F92ACFB07400CB4F1D /* AuthService.swift in Sources */,
				11A92EE02AE761A6007F5DF4 /* WorkModeButton.swift in Sources */,
				11A92EC02AE4F7C5007F5DF4 /* AccountMenu.swift in Sources */,
				11A92EBC2AE4C317007F5DF4 /* NetworkService.swift in Sources */,
				116D19172ACFDE4D00CB4F1D /* StandardFrameModifer.swift in Sources */,
				11A92ED52AE5B724007F5DF4 /* ProfileView.swift in Sources */,
				11A92ED72AE5B776007F5DF4 /* ProfileViewModel.swift in Sources */,
				116D190B2ACFDA8F00CB4F1D /* AppError.swift in Sources */,
				114AFDE42AC765B700AB9A8B /* Flow_WorkApp.swift in Sources */,
				11A92EBE2AE4C36F007F5DF4 /* NetworkServiceProtocol.swift in Sources */,
				11C839ED2AD7AC9300DE62D2 /* AvatarView.swift in Sources */,
				1106E6D92AD8CC100026600A /* AppAssembler.swift in Sources */,
				110C430E2AD052FF00201CD5 /* SessionView.swift in Sources */,
				116D18F32ACF8A7700CB4F1D /* SessionService.swift in Sources */,
			);
			runOnlyForDeploymentPostprocessing = 0;
		};
		11A92E8A2AE4404B007F5DF4 /* Sources */ = {
			isa = PBXSourcesBuildPhase;
			buildActionMask = 2147483647;
			files = (
				11A92EA02AE444D7007F5DF4 /* main.swift in Sources */,
				11A92E912AE4404B007F5DF4 /* Flow_Work_HelperApp.swift in Sources */,
			);
			runOnlyForDeploymentPostprocessing = 0;
		};
/* End PBXSourcesBuildPhase section */

/* Begin XCBuildConfiguration section */
		114AFDED2AC765B800AB9A8B /* Debug */ = {
			isa = XCBuildConfiguration;
			buildSettings = {
				ALWAYS_SEARCH_USER_PATHS = NO;
				CLANG_ANALYZER_NONNULL = YES;
				CLANG_ANALYZER_NUMBER_OBJECT_CONVERSION = YES_AGGRESSIVE;
				CLANG_CXX_LANGUAGE_STANDARD = "gnu++20";
				CLANG_ENABLE_MODULES = YES;
				CLANG_ENABLE_OBJC_ARC = YES;
				CLANG_ENABLE_OBJC_WEAK = YES;
				CLANG_WARN_BLOCK_CAPTURE_AUTORELEASING = YES;
				CLANG_WARN_BOOL_CONVERSION = YES;
				CLANG_WARN_COMMA = YES;
				CLANG_WARN_CONSTANT_CONVERSION = YES;
				CLANG_WARN_DEPRECATED_OBJC_IMPLEMENTATIONS = YES;
				CLANG_WARN_DIRECT_OBJC_ISA_USAGE = YES_ERROR;
				CLANG_WARN_DOCUMENTATION_COMMENTS = YES;
				CLANG_WARN_EMPTY_BODY = YES;
				CLANG_WARN_ENUM_CONVERSION = YES;
				CLANG_WARN_INFINITE_RECURSION = YES;
				CLANG_WARN_INT_CONVERSION = YES;
				CLANG_WARN_NON_LITERAL_NULL_CONVERSION = YES;
				CLANG_WARN_OBJC_IMPLICIT_RETAIN_SELF = YES;
				CLANG_WARN_OBJC_LITERAL_CONVERSION = YES;
				CLANG_WARN_OBJC_ROOT_CLASS = YES_ERROR;
				CLANG_WARN_QUOTED_INCLUDE_IN_FRAMEWORK_HEADER = YES;
				CLANG_WARN_RANGE_LOOP_ANALYSIS = YES;
				CLANG_WARN_STRICT_PROTOTYPES = YES;
				CLANG_WARN_SUSPICIOUS_MOVE = YES;
				CLANG_WARN_UNGUARDED_AVAILABILITY = YES_AGGRESSIVE;
				CLANG_WARN_UNREACHABLE_CODE = YES;
				CLANG_WARN__DUPLICATE_METHOD_MATCH = YES;
				COPY_PHASE_STRIP = NO;
				DEBUG_INFORMATION_FORMAT = dwarf;
				ENABLE_STRICT_OBJC_MSGSEND = YES;
				ENABLE_TESTABILITY = YES;
				GCC_C_LANGUAGE_STANDARD = gnu11;
				GCC_DYNAMIC_NO_PIC = NO;
				GCC_NO_COMMON_BLOCKS = YES;
				GCC_OPTIMIZATION_LEVEL = 0;
				GCC_PREPROCESSOR_DEFINITIONS = (
					"DEBUG=1",
					"$(inherited)",
				);
				GCC_WARN_64_TO_32_BIT_CONVERSION = YES;
				GCC_WARN_ABOUT_RETURN_TYPE = YES_ERROR;
				GCC_WARN_UNDECLARED_SELECTOR = YES;
				GCC_WARN_UNINITIALIZED_AUTOS = YES_AGGRESSIVE;
				GCC_WARN_UNUSED_FUNCTION = YES;
				GCC_WARN_UNUSED_VARIABLE = YES;
				GENERATE_INFOPLIST_FILE = YES;
				MACOSX_DEPLOYMENT_TARGET = 13.3;
				MTL_ENABLE_DEBUG_INFO = INCLUDE_SOURCE;
				MTL_FAST_MATH = YES;
				ONLY_ACTIVE_ARCH = YES;
				SDKROOT = macosx;
				SWIFT_ACTIVE_COMPILATION_CONDITIONS = DEBUG;
				SWIFT_OPTIMIZATION_LEVEL = "-Onone";
			};
			name = Debug;
		};
		114AFDEE2AC765B800AB9A8B /* Release */ = {
			isa = XCBuildConfiguration;
			buildSettings = {
				ALWAYS_SEARCH_USER_PATHS = NO;
				CLANG_ANALYZER_NONNULL = YES;
				CLANG_ANALYZER_NUMBER_OBJECT_CONVERSION = YES_AGGRESSIVE;
				CLANG_CXX_LANGUAGE_STANDARD = "gnu++20";
				CLANG_ENABLE_MODULES = YES;
				CLANG_ENABLE_OBJC_ARC = YES;
				CLANG_ENABLE_OBJC_WEAK = YES;
				CLANG_WARN_BLOCK_CAPTURE_AUTORELEASING = YES;
				CLANG_WARN_BOOL_CONVERSION = YES;
				CLANG_WARN_COMMA = YES;
				CLANG_WARN_CONSTANT_CONVERSION = YES;
				CLANG_WARN_DEPRECATED_OBJC_IMPLEMENTATIONS = YES;
				CLANG_WARN_DIRECT_OBJC_ISA_USAGE = YES_ERROR;
				CLANG_WARN_DOCUMENTATION_COMMENTS = YES;
				CLANG_WARN_EMPTY_BODY = YES;
				CLANG_WARN_ENUM_CONVERSION = YES;
				CLANG_WARN_INFINITE_RECURSION = YES;
				CLANG_WARN_INT_CONVERSION = YES;
				CLANG_WARN_NON_LITERAL_NULL_CONVERSION = YES;
				CLANG_WARN_OBJC_IMPLICIT_RETAIN_SELF = YES;
				CLANG_WARN_OBJC_LITERAL_CONVERSION = YES;
				CLANG_WARN_OBJC_ROOT_CLASS = YES_ERROR;
				CLANG_WARN_QUOTED_INCLUDE_IN_FRAMEWORK_HEADER = YES;
				CLANG_WARN_RANGE_LOOP_ANALYSIS = YES;
				CLANG_WARN_STRICT_PROTOTYPES = YES;
				CLANG_WARN_SUSPICIOUS_MOVE = YES;
				CLANG_WARN_UNGUARDED_AVAILABILITY = YES_AGGRESSIVE;
				CLANG_WARN_UNREACHABLE_CODE = YES;
				CLANG_WARN__DUPLICATE_METHOD_MATCH = YES;
				COPY_PHASE_STRIP = NO;
				DEBUG_INFORMATION_FORMAT = "dwarf-with-dsym";
				ENABLE_NS_ASSERTIONS = NO;
				ENABLE_STRICT_OBJC_MSGSEND = YES;
				GCC_C_LANGUAGE_STANDARD = gnu11;
				GCC_NO_COMMON_BLOCKS = YES;
				GCC_WARN_64_TO_32_BIT_CONVERSION = YES;
				GCC_WARN_ABOUT_RETURN_TYPE = YES_ERROR;
				GCC_WARN_UNDECLARED_SELECTOR = YES;
				GCC_WARN_UNINITIALIZED_AUTOS = YES_AGGRESSIVE;
				GCC_WARN_UNUSED_FUNCTION = YES;
				GCC_WARN_UNUSED_VARIABLE = YES;
				GENERATE_INFOPLIST_FILE = YES;
				MACOSX_DEPLOYMENT_TARGET = 13.3;
				MTL_ENABLE_DEBUG_INFO = NO;
				MTL_FAST_MATH = YES;
				SDKROOT = macosx;
				SWIFT_COMPILATION_MODE = wholemodule;
				SWIFT_OPTIMIZATION_LEVEL = "-O";
			};
			name = Release;
		};
		114AFDF02AC765B800AB9A8B /* Debug */ = {
			isa = XCBuildConfiguration;
			buildSettings = {
				ASSETCATALOG_COMPILER_APPICON_NAME = AppIcon;
				ASSETCATALOG_COMPILER_GLOBAL_ACCENT_COLOR_NAME = "";
				CODE_SIGN_ENTITLEMENTS = "Flow Work/Flow_Work.entitlements";
				CODE_SIGN_IDENTITY = "Apple Development";
				CODE_SIGN_STYLE = Automatic;
				COMBINE_HIDPI_IMAGES = YES;
				CURRENT_PROJECT_VERSION = 9;
				DEVELOPMENT_ASSET_PATHS = "\"Flow Work/Preview Content\"";
				DEVELOPMENT_TEAM = 7574Y67WJ7;
				ENABLE_HARDENED_RUNTIME = YES;
				ENABLE_PREVIEWS = YES;
				GENERATE_INFOPLIST_FILE = YES;
				INFOPLIST_FILE = "Flow-Work-Info.plist";
				INFOPLIST_KEY_LSApplicationCategoryType = "public.app-category.productivity";
				INFOPLIST_KEY_NSHumanReadableCopyright = "";
				LD_RUNPATH_SEARCH_PATHS = (
					"$(inherited)",
					"@executable_path/../Frameworks",
				);
				MACOSX_DEPLOYMENT_TARGET = 13.3;
				MARKETING_VERSION = 1.3;
				PRODUCT_BUNDLE_IDENTIFIER = school.rev.flowwork;
				PRODUCT_NAME = "$(TARGET_NAME)";
				PROVISIONING_PROFILE_SPECIFIER = "";
				SKIP_INSTALL = NO;
				SWIFT_EMIT_LOC_STRINGS = YES;
				SWIFT_VERSION = 5.0;
				VERSIONING_SYSTEM = "apple-generic";
			};
			name = Debug;
		};
		114AFDF12AC765B800AB9A8B /* Release */ = {
			isa = XCBuildConfiguration;
			buildSettings = {
				ASSETCATALOG_COMPILER_APPICON_NAME = AppIcon;
				ASSETCATALOG_COMPILER_GLOBAL_ACCENT_COLOR_NAME = "";
				CODE_SIGN_ENTITLEMENTS = "Flow Work/Flow_Work.entitlements";
				CODE_SIGN_IDENTITY = "Apple Development";
				CODE_SIGN_STYLE = Automatic;
				COMBINE_HIDPI_IMAGES = YES;
				CURRENT_PROJECT_VERSION = 9;
				DEVELOPMENT_ASSET_PATHS = "\"Flow Work/Preview Content\"";
				DEVELOPMENT_TEAM = 7574Y67WJ7;
				ENABLE_HARDENED_RUNTIME = YES;
				ENABLE_PREVIEWS = YES;
				GENERATE_INFOPLIST_FILE = YES;
				INFOPLIST_FILE = "Flow-Work-Info.plist";
				INFOPLIST_KEY_LSApplicationCategoryType = "public.app-category.productivity";
				INFOPLIST_KEY_NSHumanReadableCopyright = "";
				LD_RUNPATH_SEARCH_PATHS = (
					"$(inherited)",
					"@executable_path/../Frameworks",
				);
				MACOSX_DEPLOYMENT_TARGET = 13.3;
				MARKETING_VERSION = 1.3;
				PRODUCT_BUNDLE_IDENTIFIER = school.rev.flowwork;
				PRODUCT_NAME = "$(TARGET_NAME)";
				PROVISIONING_PROFILE_SPECIFIER = "";
				SKIP_INSTALL = NO;
				SWIFT_EMIT_LOC_STRINGS = YES;
				SWIFT_VERSION = 5.0;
				VERSIONING_SYSTEM = "apple-generic";
			};
			name = Release;
		};
		11A92E9B2AE4404D007F5DF4 /* Debug */ = {
			isa = XCBuildConfiguration;
			buildSettings = {
				ASSETCATALOG_COMPILER_APPICON_NAME = AppIcon;
				ASSETCATALOG_COMPILER_GLOBAL_ACCENT_COLOR_NAME = "";
				CODE_SIGN_ENTITLEMENTS = "Flow Work Helper/Flow_Work_Helper.entitlements";
				CODE_SIGN_IDENTITY = "Apple Development";
				"CODE_SIGN_IDENTITY[sdk=macosx*]" = "Apple Development";
				CODE_SIGN_STYLE = Automatic;
				COMBINE_HIDPI_IMAGES = YES;
				CURRENT_PROJECT_VERSION = 9;
				DEVELOPMENT_ASSET_PATHS = "\"Flow Work Helper/Preview Content\"";
				DEVELOPMENT_TEAM = 7574Y67WJ7;
				ENABLE_HARDENED_RUNTIME = YES;
				ENABLE_PREVIEWS = YES;
				GENERATE_INFOPLIST_FILE = YES;
				INFOPLIST_FILE = "Flow-Work-Helper-Info.plist";
				INFOPLIST_KEY_CFBundleDisplayName = "Flow Work Helper";
				INFOPLIST_KEY_LSApplicationCategoryType = "public.app-category.productivity";
				INFOPLIST_KEY_LSBackgroundOnly = YES;
				INFOPLIST_KEY_NSHumanReadableCopyright = "";
				LD_RUNPATH_SEARCH_PATHS = (
					"$(inherited)",
					"@executable_path/../Frameworks",
				);
				MARKETING_VERSION = 1.3;
				PRODUCT_BUNDLE_IDENTIFIER = "school.rev.flowwork-helper";
				PRODUCT_NAME = "$(TARGET_NAME)";
				PROVISIONING_PROFILE_SPECIFIER = "";
				SKIP_INSTALL = YES;
				SWIFT_EMIT_LOC_STRINGS = YES;
				SWIFT_VERSION = 5.0;
				VERSIONING_SYSTEM = "apple-generic";
			};
			name = Debug;
		};
		11A92E9C2AE4404D007F5DF4 /* Release */ = {
			isa = XCBuildConfiguration;
			buildSettings = {
				ASSETCATALOG_COMPILER_APPICON_NAME = AppIcon;
				ASSETCATALOG_COMPILER_GLOBAL_ACCENT_COLOR_NAME = "";
				CODE_SIGN_ENTITLEMENTS = "Flow Work Helper/Flow_Work_Helper.entitlements";
				CODE_SIGN_IDENTITY = "Apple Development";
				"CODE_SIGN_IDENTITY[sdk=macosx*]" = "Apple Development";
				CODE_SIGN_STYLE = Automatic;
				COMBINE_HIDPI_IMAGES = YES;
				CURRENT_PROJECT_VERSION = 9;
				DEVELOPMENT_ASSET_PATHS = "\"Flow Work Helper/Preview Content\"";
				DEVELOPMENT_TEAM = 7574Y67WJ7;
				ENABLE_HARDENED_RUNTIME = YES;
				ENABLE_PREVIEWS = YES;
				GENERATE_INFOPLIST_FILE = YES;
				INFOPLIST_FILE = "Flow-Work-Helper-Info.plist";
				INFOPLIST_KEY_CFBundleDisplayName = "Flow Work Helper";
				INFOPLIST_KEY_LSApplicationCategoryType = "public.app-category.productivity";
				INFOPLIST_KEY_LSBackgroundOnly = YES;
				INFOPLIST_KEY_NSHumanReadableCopyright = "";
				LD_RUNPATH_SEARCH_PATHS = (
					"$(inherited)",
					"@executable_path/../Frameworks",
				);
				MARKETING_VERSION = 1.3;
				PRODUCT_BUNDLE_IDENTIFIER = "school.rev.flowwork-helper";
				PRODUCT_NAME = "$(TARGET_NAME)";
				PROVISIONING_PROFILE_SPECIFIER = "";
				SKIP_INSTALL = YES;
				SWIFT_EMIT_LOC_STRINGS = YES;
				SWIFT_VERSION = 5.0;
				VERSIONING_SYSTEM = "apple-generic";
			};
			name = Release;
		};
/* End XCBuildConfiguration section */

/* Begin XCConfigurationList section */
		114AFDDB2AC765B700AB9A8B /* Build configuration list for PBXProject "Flow Work" */ = {
			isa = XCConfigurationList;
			buildConfigurations = (
				114AFDED2AC765B800AB9A8B /* Debug */,
				114AFDEE2AC765B800AB9A8B /* Release */,
			);
			defaultConfigurationIsVisible = 0;
			defaultConfigurationName = Release;
		};
		114AFDEF2AC765B800AB9A8B /* Build configuration list for PBXNativeTarget "Flow Work" */ = {
			isa = XCConfigurationList;
			buildConfigurations = (
				114AFDF02AC765B800AB9A8B /* Debug */,
				114AFDF12AC765B800AB9A8B /* Release */,
			);
			defaultConfigurationIsVisible = 0;
			defaultConfigurationName = Release;
		};
		11A92E9A2AE4404D007F5DF4 /* Build configuration list for PBXNativeTarget "Flow Work Helper" */ = {
			isa = XCConfigurationList;
			buildConfigurations = (
				11A92E9B2AE4404D007F5DF4 /* Debug */,
				11A92E9C2AE4404D007F5DF4 /* Release */,
			);
			defaultConfigurationIsVisible = 0;
			defaultConfigurationName = Release;
		};
/* End XCConfigurationList section */

/* Begin XCRemoteSwiftPackageReference section */
		110C43162AD20BC500201CD5 /* XCRemoteSwiftPackageReference "swift-nio" */ = {
			isa = XCRemoteSwiftPackageReference;
			repositoryURL = "https://github.com/apple/swift-nio.git";
			requirement = {
				kind = upToNextMajorVersion;
				minimumVersion = 2.0.0;
			};
		};
		1147A0D82AD983E100D6C615 /* XCRemoteSwiftPackageReference "Swinject" */ = {
			isa = XCRemoteSwiftPackageReference;
			repositoryURL = "https://github.com/Swinject/Swinject";
			requirement = {
				kind = upToNextMajorVersion;
				minimumVersion = 2.0.0;
			};
		};
		114AFDF92AC76F4E00AB9A8B /* XCRemoteSwiftPackageReference "firebase-ios-sdk" */ = {
			isa = XCRemoteSwiftPackageReference;
			repositoryURL = "https://github.com/firebase/firebase-ios-sdk";
			requirement = {
				kind = upToNextMajorVersion;
				minimumVersion = 10.0.0;
			};
		};
		114AFE002AC7714100AB9A8B /* XCRemoteSwiftPackageReference "GoogleSignIn-iOS" */ = {
			isa = XCRemoteSwiftPackageReference;
			repositoryURL = "https://github.com/google/GoogleSignIn-iOS";
			requirement = {
				kind = upToNextMajorVersion;
				minimumVersion = 7.0.0;
			};
		};
		11E5AD382AE2580C004670F0 /* XCRemoteSwiftPackageReference "WebRTC" */ = {
			isa = XCRemoteSwiftPackageReference;
			repositoryURL = "https://github.com/stasel/WebRTC";
			requirement = {
				kind = upToNextMajorVersion;
				minimumVersion = 118.0.0;
			};
		};
/* End XCRemoteSwiftPackageReference section */

/* Begin XCSwiftPackageProductDependency section */
		110C43172AD20BC500201CD5 /* NIOWebSocket */ = {
			isa = XCSwiftPackageProductDependency;
			package = 110C43162AD20BC500201CD5 /* XCRemoteSwiftPackageReference "swift-nio" */;
			productName = NIOWebSocket;
		};
		1147A0D92AD983E100D6C615 /* Swinject */ = {
			isa = XCSwiftPackageProductDependency;
			package = 1147A0D82AD983E100D6C615 /* XCRemoteSwiftPackageReference "Swinject" */;
			productName = Swinject;
		};
		114AFDFA2AC76F4E00AB9A8B /* FirebaseAnalytics */ = {
			isa = XCSwiftPackageProductDependency;
			package = 114AFDF92AC76F4E00AB9A8B /* XCRemoteSwiftPackageReference "firebase-ios-sdk" */;
			productName = FirebaseAnalytics;
		};
		114AFDFC2AC76F4E00AB9A8B /* FirebaseAuth */ = {
			isa = XCSwiftPackageProductDependency;
			package = 114AFDF92AC76F4E00AB9A8B /* XCRemoteSwiftPackageReference "firebase-ios-sdk" */;
			productName = FirebaseAuth;
		};
		114AFDFE2AC76F4E00AB9A8B /* FirebaseFirestore */ = {
			isa = XCSwiftPackageProductDependency;
			package = 114AFDF92AC76F4E00AB9A8B /* XCRemoteSwiftPackageReference "firebase-ios-sdk" */;
			productName = FirebaseFirestore;
		};
		114AFE012AC7714100AB9A8B /* GoogleSignIn */ = {
			isa = XCSwiftPackageProductDependency;
			package = 114AFE002AC7714100AB9A8B /* XCRemoteSwiftPackageReference "GoogleSignIn-iOS" */;
			productName = GoogleSignIn;
		};
		11E5AD392AE2580C004670F0 /* WebRTC */ = {
			isa = XCSwiftPackageProductDependency;
			package = 11E5AD382AE2580C004670F0 /* XCRemoteSwiftPackageReference "WebRTC" */;
			productName = WebRTC;
		};
/* End XCSwiftPackageProductDependency section */
	};
	rootObject = 114AFDD82AC765B700AB9A8B /* Project object */;
}
